// !$*UTF8*$!
{
	archiveVersion = 1;
	classes = {
	};
	objectVersion = 56;
	objects = {

/* Begin PBXBuildFile section */
		1E317D432AF44BCB00EDBC49 /* AppDelegate.swift in Sources */ = {isa = PBXBuildFile; fileRef = 1E317D422AF44BCB00EDBC49 /* AppDelegate.swift */; };
		1E317D452AF44BCB00EDBC49 /* SceneDelegate.swift in Sources */ = {isa = PBXBuildFile; fileRef = 1E317D442AF44BCB00EDBC49 /* SceneDelegate.swift */; };
		1E317D472AF44BCB00EDBC49 /* ViewController.swift in Sources */ = {isa = PBXBuildFile; fileRef = 1E317D462AF44BCB00EDBC49 /* ViewController.swift */; };
		1E317D4A2AF44BCB00EDBC49 /* Main.storyboard in Resources */ = {isa = PBXBuildFile; fileRef = 1E317D482AF44BCB00EDBC49 /* Main.storyboard */; };
		1E317D4C2AF44BCD00EDBC49 /* Assets.xcassets in Resources */ = {isa = PBXBuildFile; fileRef = 1E317D4B2AF44BCD00EDBC49 /* Assets.xcassets */; };
		1E317D4F2AF44BCD00EDBC49 /* LaunchScreen.storyboard in Resources */ = {isa = PBXBuildFile; fileRef = 1E317D4D2AF44BCD00EDBC49 /* LaunchScreen.storyboard */; };
		1E317D5A2AF4915300EDBC49 /* RecipeModel.swift in Sources */ = {isa = PBXBuildFile; fileRef = 1E317D592AF4915300EDBC49 /* RecipeModel.swift */; };
		1E317D5C2AF4916200EDBC49 /* UserModel.swift in Sources */ = {isa = PBXBuildFile; fileRef = 1E317D5B2AF4916200EDBC49 /* UserModel.swift */; };
		1E317D602AF4918800EDBC49 /* RecipeCardView.swift in Sources */ = {isa = PBXBuildFile; fileRef = 1E317D5F2AF4918800EDBC49 /* RecipeCardView.swift */; };
		1E317D622AF4919900EDBC49 /* RecipeDetailView.swift in Sources */ = {isa = PBXBuildFile; fileRef = 1E317D612AF4919900EDBC49 /* RecipeDetailView.swift */; };
		1E317D642AF491A300EDBC49 /* HomeView.swift in Sources */ = {isa = PBXBuildFile; fileRef = 1E317D632AF491A300EDBC49 /* HomeView.swift */; };
		1E317D672AF491BA00EDBC49 /* AddRecipeView.swift in Sources */ = {isa = PBXBuildFile; fileRef = 1E317D662AF491BA00EDBC49 /* AddRecipeView.swift */; };
		1E317D6A2AF491D400EDBC49 /* ProfileView.swift in Sources */ = {isa = PBXBuildFile; fileRef = 1E317D692AF491D400EDBC49 /* ProfileView.swift */; };
		1E317D6D2AF491E600EDBC49 /* LoginSigninView.swift in Sources */ = {isa = PBXBuildFile; fileRef = 1E317D6C2AF491E600EDBC49 /* LoginSigninView.swift */; };
		1E317D702AF491FB00EDBC49 /* HomeViewModel.swift in Sources */ = {isa = PBXBuildFile; fileRef = 1E317D6F2AF491FB00EDBC49 /* HomeViewModel.swift */; };
		1E317D722AF4920800EDBC49 /* AddRecipeViewModel.swift in Sources */ = {isa = PBXBuildFile; fileRef = 1E317D712AF4920800EDBC49 /* AddRecipeViewModel.swift */; };
		1E317D742AF4921700EDBC49 /* ProfileViewModel.swift in Sources */ = {isa = PBXBuildFile; fileRef = 1E317D732AF4921700EDBC49 /* ProfileViewModel.swift */; };
		1E317D762AF4926C00EDBC49 /* AuthViewModel.swift in Sources */ = {isa = PBXBuildFile; fileRef = 1E317D752AF4926C00EDBC49 /* AuthViewModel.swift */; };
		1E317D782AF4943400EDBC49 /* RecipeViewModel.swift in Sources */ = {isa = PBXBuildFile; fileRef = 1E317D772AF4943400EDBC49 /* RecipeViewModel.swift */; };
		1E317D7B2AF494DF00EDBC49 /* AuthService.swift in Sources */ = {isa = PBXBuildFile; fileRef = 1E317D7A2AF494DF00EDBC49 /* AuthService.swift */; };
		1E317D7E2AF49A1800EDBC49 /* FirebaseAnalytics in Frameworks */ = {isa = PBXBuildFile; productRef = 1E317D7D2AF49A1800EDBC49 /* FirebaseAnalytics */; };
		1E317D802AF49A1800EDBC49 /* FirebaseAnalyticsWithoutAdIdSupport in Frameworks */ = {isa = PBXBuildFile; productRef = 1E317D7F2AF49A1800EDBC49 /* FirebaseAnalyticsWithoutAdIdSupport */; };
		1E317D822AF49A1800EDBC49 /* FirebaseAuth in Frameworks */ = {isa = PBXBuildFile; productRef = 1E317D812AF49A1800EDBC49 /* FirebaseAuth */; };
		1E317D842AF49A1800EDBC49 /* FirebaseDatabase in Frameworks */ = {isa = PBXBuildFile; productRef = 1E317D832AF49A1800EDBC49 /* FirebaseDatabase */; };
		1E317D862AF49A1800EDBC49 /* FirebaseDatabaseSwift in Frameworks */ = {isa = PBXBuildFile; productRef = 1E317D852AF49A1800EDBC49 /* FirebaseDatabaseSwift */; };
		1E317D882AF49A1800EDBC49 /* FirebaseFirestore in Frameworks */ = {isa = PBXBuildFile; productRef = 1E317D872AF49A1800EDBC49 /* FirebaseFirestore */; };
		1E317D8A2AF49A1800EDBC49 /* FirebaseFirestoreSwift in Frameworks */ = {isa = PBXBuildFile; productRef = 1E317D892AF49A1800EDBC49 /* FirebaseFirestoreSwift */; };
		1E317D8C2AF49A1800EDBC49 /* FirebaseFunctionsCombine-Community in Frameworks */ = {isa = PBXBuildFile; productRef = 1E317D8B2AF49A1800EDBC49 /* FirebaseFunctionsCombine-Community */; };
		1E317D8E2AF49A1800EDBC49 /* FirebaseStorage in Frameworks */ = {isa = PBXBuildFile; productRef = 1E317D8D2AF49A1800EDBC49 /* FirebaseStorage */; };
/* End PBXBuildFile section */

/* Begin PBXFileReference section */
		1E317D3F2AF44BCB00EDBC49 /* TasteSpace.app */ = {isa = PBXFileReference; explicitFileType = wrapper.application; includeInIndex = 0; path = TasteSpace.app; sourceTree = BUILT_PRODUCTS_DIR; };
		1E317D422AF44BCB00EDBC49 /* AppDelegate.swift */ = {isa = PBXFileReference; lastKnownFileType = sourcecode.swift; path = AppDelegate.swift; sourceTree = "<group>"; };
		1E317D442AF44BCB00EDBC49 /* SceneDelegate.swift */ = {isa = PBXFileReference; lastKnownFileType = sourcecode.swift; path = SceneDelegate.swift; sourceTree = "<group>"; };
		1E317D462AF44BCB00EDBC49 /* ViewController.swift */ = {isa = PBXFileReference; lastKnownFileType = sourcecode.swift; path = ViewController.swift; sourceTree = "<group>"; };
		1E317D492AF44BCB00EDBC49 /* Base */ = {isa = PBXFileReference; lastKnownFileType = file.storyboard; name = Base; path = Base.lproj/Main.storyboard; sourceTree = "<group>"; };
		1E317D4B2AF44BCD00EDBC49 /* Assets.xcassets */ = {isa = PBXFileReference; lastKnownFileType = folder.assetcatalog; path = Assets.xcassets; sourceTree = "<group>"; };
		1E317D4E2AF44BCD00EDBC49 /* Base */ = {isa = PBXFileReference; lastKnownFileType = file.storyboard; name = Base; path = Base.lproj/LaunchScreen.storyboard; sourceTree = "<group>"; };
		1E317D502AF44BCD00EDBC49 /* Info.plist */ = {isa = PBXFileReference; lastKnownFileType = text.plist.xml; path = Info.plist; sourceTree = "<group>"; };
		1E317D592AF4915300EDBC49 /* RecipeModel.swift */ = {isa = PBXFileReference; lastKnownFileType = sourcecode.swift; path = RecipeModel.swift; sourceTree = "<group>"; };
		1E317D5B2AF4916200EDBC49 /* UserModel.swift */ = {isa = PBXFileReference; lastKnownFileType = sourcecode.swift; path = UserModel.swift; sourceTree = "<group>"; };
		1E317D5F2AF4918800EDBC49 /* RecipeCardView.swift */ = {isa = PBXFileReference; lastKnownFileType = sourcecode.swift; path = RecipeCardView.swift; sourceTree = "<group>"; };
		1E317D612AF4919900EDBC49 /* RecipeDetailView.swift */ = {isa = PBXFileReference; lastKnownFileType = sourcecode.swift; path = RecipeDetailView.swift; sourceTree = "<group>"; };
		1E317D632AF491A300EDBC49 /* HomeView.swift */ = {isa = PBXFileReference; lastKnownFileType = sourcecode.swift; path = HomeView.swift; sourceTree = "<group>"; };
		1E317D662AF491BA00EDBC49 /* AddRecipeView.swift */ = {isa = PBXFileReference; lastKnownFileType = sourcecode.swift; path = AddRecipeView.swift; sourceTree = "<group>"; };
		1E317D692AF491D400EDBC49 /* ProfileView.swift */ = {isa = PBXFileReference; lastKnownFileType = sourcecode.swift; path = ProfileView.swift; sourceTree = "<group>"; };
		1E317D6C2AF491E600EDBC49 /* LoginSigninView.swift */ = {isa = PBXFileReference; lastKnownFileType = sourcecode.swift; path = LoginSigninView.swift; sourceTree = "<group>"; };
		1E317D6F2AF491FB00EDBC49 /* HomeViewModel.swift */ = {isa = PBXFileReference; lastKnownFileType = sourcecode.swift; path = HomeViewModel.swift; sourceTree = "<group>"; };
		1E317D712AF4920800EDBC49 /* AddRecipeViewModel.swift */ = {isa = PBXFileReference; lastKnownFileType = sourcecode.swift; path = AddRecipeViewModel.swift; sourceTree = "<group>"; };
		1E317D732AF4921700EDBC49 /* ProfileViewModel.swift */ = {isa = PBXFileReference; lastKnownFileType = sourcecode.swift; path = ProfileViewModel.swift; sourceTree = "<group>"; };
		1E317D752AF4926C00EDBC49 /* AuthViewModel.swift */ = {isa = PBXFileReference; lastKnownFileType = sourcecode.swift; path = AuthViewModel.swift; sourceTree = "<group>"; };
		1E317D772AF4943400EDBC49 /* RecipeViewModel.swift */ = {isa = PBXFileReference; lastKnownFileType = sourcecode.swift; path = RecipeViewModel.swift; sourceTree = "<group>"; };
		1E317D7A2AF494DF00EDBC49 /* AuthService.swift */ = {isa = PBXFileReference; lastKnownFileType = sourcecode.swift; path = AuthService.swift; sourceTree = "<group>"; };
/* End PBXFileReference section */

/* Begin PBXFrameworksBuildPhase section */
		1E317D3C2AF44BCB00EDBC49 /* Frameworks */ = {
			isa = PBXFrameworksBuildPhase;
			buildActionMask = 2147483647;
			files = (
				1E317D862AF49A1800EDBC49 /* FirebaseDatabaseSwift in Frameworks */,
				1E317D7E2AF49A1800EDBC49 /* FirebaseAnalytics in Frameworks */,
				1E317D8E2AF49A1800EDBC49 /* FirebaseStorage in Frameworks */,
				1E317D822AF49A1800EDBC49 /* FirebaseAuth in Frameworks */,
				1E317D8A2AF49A1800EDBC49 /* FirebaseFirestoreSwift in Frameworks */,
				1E317D842AF49A1800EDBC49 /* FirebaseDatabase in Frameworks */,
				1E317D802AF49A1800EDBC49 /* FirebaseAnalyticsWithoutAdIdSupport in Frameworks */,
				1E317D882AF49A1800EDBC49 /* FirebaseFirestore in Frameworks */,
				1E317D8C2AF49A1800EDBC49 /* FirebaseFunctionsCombine-Community in Frameworks */,
			);
			runOnlyForDeploymentPostprocessing = 0;
		};
/* End PBXFrameworksBuildPhase section */

/* Begin PBXGroup section */
		1E317D362AF44BCB00EDBC49 = {
			isa = PBXGroup;
			children = (
				1E317D412AF44BCB00EDBC49 /* TasteSpace */,
				1E317D402AF44BCB00EDBC49 /* Products */,
			);
			sourceTree = "<group>";
		};
		1E317D402AF44BCB00EDBC49 /* Products */ = {
			isa = PBXGroup;
			children = (
				1E317D3F2AF44BCB00EDBC49 /* TasteSpace.app */,
			);
			name = Products;
			sourceTree = "<group>";
		};
		1E317D412AF44BCB00EDBC49 /* TasteSpace */ = {
			isa = PBXGroup;
			children = (
				1E317D792AF494CE00EDBC49 /* DatabaseController */,
				1E317D6E2AF491ED00EDBC49 /* ViewModels */,
				1E317D5D2AF4916C00EDBC49 /* View */,
				1E317D582AF4914300EDBC49 /* Models */,
				1E317D422AF44BCB00EDBC49 /* AppDelegate.swift */,
				1E317D442AF44BCB00EDBC49 /* SceneDelegate.swift */,
				1E317D462AF44BCB00EDBC49 /* ViewController.swift */,
				1E317D482AF44BCB00EDBC49 /* Main.storyboard */,
				1E317D4B2AF44BCD00EDBC49 /* Assets.xcassets */,
				1E317D4D2AF44BCD00EDBC49 /* LaunchScreen.storyboard */,
				1E317D502AF44BCD00EDBC49 /* Info.plist */,
			);
			path = TasteSpace;
			sourceTree = "<group>";
		};
		1E317D582AF4914300EDBC49 /* Models */ = {
			isa = PBXGroup;
			children = (
				1E317D592AF4915300EDBC49 /* RecipeModel.swift */,
				1E317D5B2AF4916200EDBC49 /* UserModel.swift */,
			);
			path = Models;
			sourceTree = "<group>";
		};
		1E317D5D2AF4916C00EDBC49 /* View */ = {
			isa = PBXGroup;
			children = (
				1E317D682AF491C100EDBC49 /* Profile */,
				1E317D652AF491AB00EDBC49 /* Add Recipe */,
				1E317D5E2AF4917700EDBC49 /* HomeView */,
			);
			path = View;
			sourceTree = "<group>";
		};
		1E317D5E2AF4917700EDBC49 /* HomeView */ = {
			isa = PBXGroup;
			children = (
				1E317D5F2AF4918800EDBC49 /* RecipeCardView.swift */,
				1E317D612AF4919900EDBC49 /* RecipeDetailView.swift */,
				1E317D632AF491A300EDBC49 /* HomeView.swift */,
			);
			path = HomeView;
			sourceTree = "<group>";
		};
		1E317D652AF491AB00EDBC49 /* Add Recipe */ = {
			isa = PBXGroup;
			children = (
				1E317D662AF491BA00EDBC49 /* AddRecipeView.swift */,
			);
			path = "Add Recipe";
			sourceTree = "<group>";
		};
		1E317D682AF491C100EDBC49 /* Profile */ = {
			isa = PBXGroup;
			children = (
				1E317D692AF491D400EDBC49 /* ProfileView.swift */,
				1E317D6C2AF491E600EDBC49 /* LoginSigninView.swift */,
			);
			path = Profile;
			sourceTree = "<group>";
		};
		1E317D6E2AF491ED00EDBC49 /* ViewModels */ = {
			isa = PBXGroup;
			children = (
				1E317D6F2AF491FB00EDBC49 /* HomeViewModel.swift */,
				1E317D712AF4920800EDBC49 /* AddRecipeViewModel.swift */,
				1E317D732AF4921700EDBC49 /* ProfileViewModel.swift */,
				1E317D752AF4926C00EDBC49 /* AuthViewModel.swift */,
				1E317D772AF4943400EDBC49 /* RecipeViewModel.swift */,
			);
			path = ViewModels;
			sourceTree = "<group>";
		};
		1E317D792AF494CE00EDBC49 /* DatabaseController */ = {
			isa = PBXGroup;
			children = (
				1E317D7A2AF494DF00EDBC49 /* AuthService.swift */,
			);
			path = DatabaseController;
			sourceTree = "<group>";
		};
/* End PBXGroup section */

/* Begin PBXNativeTarget section */
		1E317D3E2AF44BCB00EDBC49 /* TasteSpace */ = {
			isa = PBXNativeTarget;
			buildConfigurationList = 1E317D532AF44BCD00EDBC49 /* Build configuration list for PBXNativeTarget "TasteSpace" */;
			buildPhases = (
				1E317D3B2AF44BCB00EDBC49 /* Sources */,
				1E317D3C2AF44BCB00EDBC49 /* Frameworks */,
				1E317D3D2AF44BCB00EDBC49 /* Resources */,
			);
			buildRules = (
			);
			dependencies = (
			);
			name = TasteSpace;
			packageProductDependencies = (
				1E317D7D2AF49A1800EDBC49 /* FirebaseAnalytics */,
				1E317D7F2AF49A1800EDBC49 /* FirebaseAnalyticsWithoutAdIdSupport */,
				1E317D812AF49A1800EDBC49 /* FirebaseAuth */,
				1E317D832AF49A1800EDBC49 /* FirebaseDatabase */,
				1E317D852AF49A1800EDBC49 /* FirebaseDatabaseSwift */,
				1E317D872AF49A1800EDBC49 /* FirebaseFirestore */,
				1E317D892AF49A1800EDBC49 /* FirebaseFirestoreSwift */,
				1E317D8B2AF49A1800EDBC49 /* FirebaseFunctionsCombine-Community */,
				1E317D8D2AF49A1800EDBC49 /* FirebaseStorage */,
			);
			productName = TasteSpace;
			productReference = 1E317D3F2AF44BCB00EDBC49 /* TasteSpace.app */;
			productType = "com.apple.product-type.application";
		};
/* End PBXNativeTarget section */

/* Begin PBXProject section */
		1E317D372AF44BCB00EDBC49 /* Project object */ = {
			isa = PBXProject;
			attributes = {
				BuildIndependentTargetsInParallel = 1;
				LastSwiftUpdateCheck = 1430;
				LastUpgradeCheck = 1430;
				TargetAttributes = {
					1E317D3E2AF44BCB00EDBC49 = {
						CreatedOnToolsVersion = 14.3.1;
					};
				};
			};
			buildConfigurationList = 1E317D3A2AF44BCB00EDBC49 /* Build configuration list for PBXProject "TasteSpace" */;
			compatibilityVersion = "Xcode 14.0";
			developmentRegion = en;
			hasScannedForEncodings = 0;
			knownRegions = (
				en,
				Base,
			);
			mainGroup = 1E317D362AF44BCB00EDBC49;
			packageReferences = (
				1E317D7C2AF49A1800EDBC49 /* XCRemoteSwiftPackageReference "firebase-ios-sdk" */,
			);
			productRefGroup = 1E317D402AF44BCB00EDBC49 /* Products */;
			projectDirPath = "";
			projectRoot = "";
			targets = (
				1E317D3E2AF44BCB00EDBC49 /* TasteSpace */,
			);
		};
/* End PBXProject section */

/* Begin PBXResourcesBuildPhase section */
		1E317D3D2AF44BCB00EDBC49 /* Resources */ = {
			isa = PBXResourcesBuildPhase;
			buildActionMask = 2147483647;
			files = (
				1E317D4F2AF44BCD00EDBC49 /* LaunchScreen.storyboard in Resources */,
				1E317D4C2AF44BCD00EDBC49 /* Assets.xcassets in Resources */,
				1E317D4A2AF44BCB00EDBC49 /* Main.storyboard in Resources */,
			);
			runOnlyForDeploymentPostprocessing = 0;
		};
/* End PBXResourcesBuildPhase section */

/* Begin PBXSourcesBuildPhase section */
		1E317D3B2AF44BCB00EDBC49 /* Sources */ = {
			isa = PBXSourcesBuildPhase;
			buildActionMask = 2147483647;
			files = (
				1E317D7B2AF494DF00EDBC49 /* AuthService.swift in Sources */,
				1E317D622AF4919900EDBC49 /* RecipeDetailView.swift in Sources */,
				1E317D472AF44BCB00EDBC49 /* ViewController.swift in Sources */,
				1E317D6D2AF491E600EDBC49 /* LoginSigninView.swift in Sources */,
				1E317D6A2AF491D400EDBC49 /* ProfileView.swift in Sources */,
				1E317D782AF4943400EDBC49 /* RecipeViewModel.swift in Sources */,
				1E317D722AF4920800EDBC49 /* AddRecipeViewModel.swift in Sources */,
				1E317D762AF4926C00EDBC49 /* AuthViewModel.swift in Sources */,
				1E317D5A2AF4915300EDBC49 /* RecipeModel.swift in Sources */,
				1E317D742AF4921700EDBC49 /* ProfileViewModel.swift in Sources */,
				1E317D602AF4918800EDBC49 /* RecipeCardView.swift in Sources */,
				1E317D432AF44BCB00EDBC49 /* AppDelegate.swift in Sources */,
				1E317D702AF491FB00EDBC49 /* HomeViewModel.swift in Sources */,
				1E317D642AF491A300EDBC49 /* HomeView.swift in Sources */,
				1E317D5C2AF4916200EDBC49 /* UserModel.swift in Sources */,
				1E317D452AF44BCB00EDBC49 /* SceneDelegate.swift in Sources */,
				1E317D672AF491BA00EDBC49 /* AddRecipeView.swift in Sources */,
			);
			runOnlyForDeploymentPostprocessing = 0;
		};
/* End PBXSourcesBuildPhase section */

/* Begin PBXVariantGroup section */
		1E317D482AF44BCB00EDBC49 /* Main.storyboard */ = {
			isa = PBXVariantGroup;
			children = (
				1E317D492AF44BCB00EDBC49 /* Base */,
			);
			name = Main.storyboard;
			sourceTree = "<group>";
		};
		1E317D4D2AF44BCD00EDBC49 /* LaunchScreen.storyboard */ = {
			isa = PBXVariantGroup;
			children = (
				1E317D4E2AF44BCD00EDBC49 /* Base */,
			);
			name = LaunchScreen.storyboard;
			sourceTree = "<group>";
		};
/* End PBXVariantGroup section */

/* Begin XCBuildConfiguration section */
		1E317D512AF44BCD00EDBC49 /* Debug */ = {
			isa = XCBuildConfiguration;
			buildSettings = {
				ALWAYS_SEARCH_USER_PATHS = NO;
				CLANG_ANALYZER_NONNULL = YES;
				CLANG_ANALYZER_NUMBER_OBJECT_CONVERSION = YES_AGGRESSIVE;
				CLANG_CXX_LANGUAGE_STANDARD = "gnu++20";
				CLANG_ENABLE_MODULES = YES;
				CLANG_ENABLE_OBJC_ARC = YES;
				CLANG_ENABLE_OBJC_WEAK = YES;
				CLANG_WARN_BLOCK_CAPTURE_AUTORELEASING = YES;
				CLANG_WARN_BOOL_CONVERSION = YES;
				CLANG_WARN_COMMA = YES;
				CLANG_WARN_CONSTANT_CONVERSION = YES;
				CLANG_WARN_DEPRECATED_OBJC_IMPLEMENTATIONS = YES;
				CLANG_WARN_DIRECT_OBJC_ISA_USAGE = YES_ERROR;
				CLANG_WARN_DOCUMENTATION_COMMENTS = YES;
				CLANG_WARN_EMPTY_BODY = YES;
				CLANG_WARN_ENUM_CONVERSION = YES;
				CLANG_WARN_INFINITE_RECURSION = YES;
				CLANG_WARN_INT_CONVERSION = YES;
				CLANG_WARN_NON_LITERAL_NULL_CONVERSION = YES;
				CLANG_WARN_OBJC_IMPLICIT_RETAIN_SELF = YES;
				CLANG_WARN_OBJC_LITERAL_CONVERSION = YES;
				CLANG_WARN_OBJC_ROOT_CLASS = YES_ERROR;
				CLANG_WARN_QUOTED_INCLUDE_IN_FRAMEWORK_HEADER = YES;
				CLANG_WARN_RANGE_LOOP_ANALYSIS = YES;
				CLANG_WARN_STRICT_PROTOTYPES = YES;
				CLANG_WARN_SUSPICIOUS_MOVE = YES;
				CLANG_WARN_UNGUARDED_AVAILABILITY = YES_AGGRESSIVE;
				CLANG_WARN_UNREACHABLE_CODE = YES;
				CLANG_WARN__DUPLICATE_METHOD_MATCH = YES;
				COPY_PHASE_STRIP = NO;
				DEBUG_INFORMATION_FORMAT = dwarf;
				ENABLE_STRICT_OBJC_MSGSEND = YES;
				ENABLE_TESTABILITY = YES;
				GCC_C_LANGUAGE_STANDARD = gnu11;
				GCC_DYNAMIC_NO_PIC = NO;
				GCC_NO_COMMON_BLOCKS = YES;
				GCC_OPTIMIZATION_LEVEL = 0;
				GCC_PREPROCESSOR_DEFINITIONS = (
					"DEBUG=1",
					"$(inherited)",
				);
				GCC_WARN_64_TO_32_BIT_CONVERSION = YES;
				GCC_WARN_ABOUT_RETURN_TYPE = YES_ERROR;
				GCC_WARN_UNDECLARED_SELECTOR = YES;
				GCC_WARN_UNINITIALIZED_AUTOS = YES_AGGRESSIVE;
				GCC_WARN_UNUSED_FUNCTION = YES;
				GCC_WARN_UNUSED_VARIABLE = YES;
				IPHONEOS_DEPLOYMENT_TARGET = 16.4;
				MTL_ENABLE_DEBUG_INFO = INCLUDE_SOURCE;
				MTL_FAST_MATH = YES;
				ONLY_ACTIVE_ARCH = YES;
				SDKROOT = iphoneos;
				SWIFT_ACTIVE_COMPILATION_CONDITIONS = DEBUG;
				SWIFT_OPTIMIZATION_LEVEL = "-Onone";
			};
			name = Debug;
		};
		1E317D522AF44BCD00EDBC49 /* Release */ = {
			isa = XCBuildConfiguration;
			buildSettings = {
				ALWAYS_SEARCH_USER_PATHS = NO;
				CLANG_ANALYZER_NONNULL = YES;
				CLANG_ANALYZER_NUMBER_OBJECT_CONVERSION = YES_AGGRESSIVE;
				CLANG_CXX_LANGUAGE_STANDARD = "gnu++20";
				CLANG_ENABLE_MODULES = YES;
				CLANG_ENABLE_OBJC_ARC = YES;
				CLANG_ENABLE_OBJC_WEAK = YES;
				CLANG_WARN_BLOCK_CAPTURE_AUTORELEASING = YES;
				CLANG_WARN_BOOL_CONVERSION = YES;
				CLANG_WARN_COMMA = YES;
				CLANG_WARN_CONSTANT_CONVERSION = YES;
				CLANG_WARN_DEPRECATED_OBJC_IMPLEMENTATIONS = YES;
				CLANG_WARN_DIRECT_OBJC_ISA_USAGE = YES_ERROR;
				CLANG_WARN_DOCUMENTATION_COMMENTS = YES;
				CLANG_WARN_EMPTY_BODY = YES;
				CLANG_WARN_ENUM_CONVERSION = YES;
				CLANG_WARN_INFINITE_RECURSION = YES;
				CLANG_WARN_INT_CONVERSION = YES;
				CLANG_WARN_NON_LITERAL_NULL_CONVERSION = YES;
				CLANG_WARN_OBJC_IMPLICIT_RETAIN_SELF = YES;
				CLANG_WARN_OBJC_LITERAL_CONVERSION = YES;
				CLANG_WARN_OBJC_ROOT_CLASS = YES_ERROR;
				CLANG_WARN_QUOTED_INCLUDE_IN_FRAMEWORK_HEADER = YES;
				CLANG_WARN_RANGE_LOOP_ANALYSIS = YES;
				CLANG_WARN_STRICT_PROTOTYPES = YES;
				CLANG_WARN_SUSPICIOUS_MOVE = YES;
				CLANG_WARN_UNGUARDED_AVAILABILITY = YES_AGGRESSIVE;
				CLANG_WARN_UNREACHABLE_CODE = YES;
				CLANG_WARN__DUPLICATE_METHOD_MATCH = YES;
				COPY_PHASE_STRIP = NO;
				DEBUG_INFORMATION_FORMAT = "dwarf-with-dsym";
				ENABLE_NS_ASSERTIONS = NO;
				ENABLE_STRICT_OBJC_MSGSEND = YES;
				GCC_C_LANGUAGE_STANDARD = gnu11;
				GCC_NO_COMMON_BLOCKS = YES;
				GCC_WARN_64_TO_32_BIT_CONVERSION = YES;
				GCC_WARN_ABOUT_RETURN_TYPE = YES_ERROR;
				GCC_WARN_UNDECLARED_SELECTOR = YES;
				GCC_WARN_UNINITIALIZED_AUTOS = YES_AGGRESSIVE;
				GCC_WARN_UNUSED_FUNCTION = YES;
				GCC_WARN_UNUSED_VARIABLE = YES;
				IPHONEOS_DEPLOYMENT_TARGET = 16.4;
				MTL_ENABLE_DEBUG_INFO = NO;
				MTL_FAST_MATH = YES;
				SDKROOT = iphoneos;
				SWIFT_COMPILATION_MODE = wholemodule;
				SWIFT_OPTIMIZATION_LEVEL = "-O";
				VALIDATE_PRODUCT = YES;
			};
			name = Release;
		};
		1E317D542AF44BCD00EDBC49 /* Debug */ = {
			isa = XCBuildConfiguration;
			buildSettings = {
				ASSETCATALOG_COMPILER_APPICON_NAME = AppIcon;
				ASSETCATALOG_COMPILER_GLOBAL_ACCENT_COLOR_NAME = AccentColor;
				CODE_SIGN_STYLE = Automatic;
				CURRENT_PROJECT_VERSION = 1;
				GENERATE_INFOPLIST_FILE = YES;
				INFOPLIST_FILE = TasteSpace/Info.plist;
				INFOPLIST_KEY_UIApplicationSupportsIndirectInputEvents = YES;
				INFOPLIST_KEY_UILaunchStoryboardName = LaunchScreen;
				INFOPLIST_KEY_UIMainStoryboardFile = Main;
				INFOPLIST_KEY_UISupportedInterfaceOrientations_iPad = "UIInterfaceOrientationPortrait UIInterfaceOrientationPortraitUpsideDown UIInterfaceOrientationLandscapeLeft UIInterfaceOrientationLandscapeRight";
				INFOPLIST_KEY_UISupportedInterfaceOrientations_iPhone = "UIInterfaceOrientationPortrait UIInterfaceOrientationLandscapeLeft UIInterfaceOrientationLandscapeRight";
				LD_RUNPATH_SEARCH_PATHS = (
					"$(inherited)",
					"@executable_path/Frameworks",
				);
				MARKETING_VERSION = 1.0;
				PRODUCT_BUNDLE_IDENTIFIER = tastespace.TasteSpace;
				PRODUCT_NAME = "$(TARGET_NAME)";
				SWIFT_EMIT_LOC_STRINGS = YES;
				SWIFT_VERSION = 5.0;
				TARGETED_DEVICE_FAMILY = "1,2";
			};
			name = Debug;
		};
		1E317D552AF44BCD00EDBC49 /* Release */ = {
			isa = XCBuildConfiguration;
			buildSettings = {
				ASSETCATALOG_COMPILER_APPICON_NAME = AppIcon;
				ASSETCATALOG_COMPILER_GLOBAL_ACCENT_COLOR_NAME = AccentColor;
				CODE_SIGN_STYLE = Automatic;
				CURRENT_PROJECT_VERSION = 1;
				GENERATE_INFOPLIST_FILE = YES;
				INFOPLIST_FILE = TasteSpace/Info.plist;
				INFOPLIST_KEY_UIApplicationSupportsIndirectInputEvents = YES;
				INFOPLIST_KEY_UILaunchStoryboardName = LaunchScreen;
				INFOPLIST_KEY_UIMainStoryboardFile = Main;
				INFOPLIST_KEY_UISupportedInterfaceOrientations_iPad = "UIInterfaceOrientationPortrait UIInterfaceOrientationPortraitUpsideDown UIInterfaceOrientationLandscapeLeft UIInterfaceOrientationLandscapeRight";
				INFOPLIST_KEY_UISupportedInterfaceOrientations_iPhone = "UIInterfaceOrientationPortrait UIInterfaceOrientationLandscapeLeft UIInterfaceOrientationLandscapeRight";
				LD_RUNPATH_SEARCH_PATHS = (
					"$(inherited)",
					"@executable_path/Frameworks",
				);
				MARKETING_VERSION = 1.0;
				PRODUCT_BUNDLE_IDENTIFIER = tastespace.TasteSpace;
				PRODUCT_NAME = "$(TARGET_NAME)";
				SWIFT_EMIT_LOC_STRINGS = YES;
				SWIFT_VERSION = 5.0;
				TARGETED_DEVICE_FAMILY = "1,2";
			};
			name = Release;
		};
/* End XCBuildConfiguration section */

/* Begin XCConfigurationList section */
		1E317D3A2AF44BCB00EDBC49 /* Build configuration list for PBXProject "TasteSpace" */ = {
			isa = XCConfigurationList;
			buildConfigurations = (
				1E317D512AF44BCD00EDBC49 /* Debug */,
				1E317D522AF44BCD00EDBC49 /* Release */,
			);
			defaultConfigurationIsVisible = 0;
			defaultConfigurationName = Release;
		};
		1E317D532AF44BCD00EDBC49 /* Build configuration list for PBXNativeTarget "TasteSpace" */ = {
			isa = XCConfigurationList;
			buildConfigurations = (
				1E317D542AF44BCD00EDBC49 /* Debug */,
				1E317D552AF44BCD00EDBC49 /* Release */,
			);
			defaultConfigurationIsVisible = 0;
			defaultConfigurationName = Release;
		};
/* End XCConfigurationList section */

/* Begin XCRemoteSwiftPackageReference section */
		1E317D7C2AF49A1800EDBC49 /* XCRemoteSwiftPackageReference "firebase-ios-sdk" */ = {
			isa = XCRemoteSwiftPackageReference;
			repositoryURL = "https://github.com/firebase/firebase-ios-sdk";
			requirement = {
				kind = upToNextMajorVersion;
				minimumVersion = 10.0.0;
			};
		};
/* End XCRemoteSwiftPackageReference section */

/* Begin XCSwiftPackageProductDependency section */
		1E317D7D2AF49A1800EDBC49 /* FirebaseAnalytics */ = {
			isa = XCSwiftPackageProductDependency;
			package = 1E317D7C2AF49A1800EDBC49 /* XCRemoteSwiftPackageReference "firebase-ios-sdk" */;
			productName = FirebaseAnalytics;
		};
		1E317D7F2AF49A1800EDBC49 /* FirebaseAnalyticsWithoutAdIdSupport */ = {
			isa = XCSwiftPackageProductDependency;
			package = 1E317D7C2AF49A1800EDBC49 /* XCRemoteSwiftPackageReference "firebase-ios-sdk" */;
			productName = FirebaseAnalyticsWithoutAdIdSupport;
		};
		1E317D812AF49A1800EDBC49 /* FirebaseAuth */ = {
			isa = XCSwiftPackageProductDependency;
			package = 1E317D7C2AF49A1800EDBC49 /* XCRemoteSwiftPackageReference "firebase-ios-sdk" */;
			productName = FirebaseAuth;
		};
		1E317D832AF49A1800EDBC49 /* FirebaseDatabase */ = {
			isa = XCSwiftPackageProductDependency;
			package = 1E317D7C2AF49A1800EDBC49 /* XCRemoteSwiftPackageReference "firebase-ios-sdk" */;
			productName = FirebaseDatabase;
		};
		1E317D852AF49A1800EDBC49 /* FirebaseDatabaseSwift */ = {
			isa = XCSwiftPackageProductDependency;
			package = 1E317D7C2AF49A1800EDBC49 /* XCRemoteSwiftPackageReference "firebase-ios-sdk" */;
			productName = FirebaseDatabaseSwift;
		};
		1E317D872AF49A1800EDBC49 /* FirebaseFirestore */ = {
			isa = XCSwiftPackageProductDependency;
			package = 1E317D7C2AF49A1800EDBC49 /* XCRemoteSwiftPackageReference "firebase-ios-sdk" */;
			productName = FirebaseFirestore;
		};
		1E317D892AF49A1800EDBC49 /* FirebaseFirestoreSwift */ = {
			isa = XCSwiftPackageProductDependency;
			package = 1E317D7C2AF49A1800EDBC49 /* XCRemoteSwiftPackageReference "firebase-ios-sdk" */;
			productName = FirebaseFirestoreSwift;
		};
		1E317D8B2AF49A1800EDBC49 /* FirebaseFunctionsCombine-Community */ = {
			isa = XCSwiftPackageProductDependency;
			package = 1E317D7C2AF49A1800EDBC49 /* XCRemoteSwiftPackageReference "firebase-ios-sdk" */;
			productName = "FirebaseFunctionsCombine-Community";
		};
		1E317D8D2AF49A1800EDBC49 /* FirebaseStorage */ = {
			isa = XCSwiftPackageProductDependency;
			package = 1E317D7C2AF49A1800EDBC49 /* XCRemoteSwiftPackageReference "firebase-ios-sdk" */;
			productName = FirebaseStorage;
		};
/* End XCSwiftPackageProductDependency section */
	};
	rootObject = 1E317D372AF44BCB00EDBC49 /* Project object */;
}
